github.com/isaacwallace123/GoUtils v1.0.0 h1:1rP69T6cl8CowLkfuGU/a0x2BGzw4Z/ozHg67aYcUVk=
github.com/isaacwallace123/GoUtils v1.0.0/go.mod h1:7SX/JIf8Zdml2dh6Zn6vNSrEsYlXwlkLzU8o85UG3Rk=
github.com/isaacwallace123/GoUtils v1.0.1 h1:XGG8zKeG+K/mWf6NQw1KIOppiz9WyxHuGVvFuc4MWC0=
github.com/isaacwallace123/GoUtils v1.0.1/go.mod h1:7SX/JIf8Zdml2dh6Zn6vNSrEsYlXwlkLzU8o85UG3Rk=
